
Microsoft Visual Studio Solution File, Format Version 12.00
# Visual Studio 14
VisualStudioVersion = 14.0.25123.0
MinimumVisualStudioVersion = 10.0.40219.1
Project("{FAE04EC0-301F-11D3-BF4B-00C04F79EFBC}") = "ClassroomAPI", "ClassroomAPI\ClassroomAPI.csproj", "{320215F4-A131-4E15-9EF9-CCBFA45EC5B0}"
EndProject
Project("{FAE04EC0-301F-11D3-BF4B-00C04F79EFBC}") = "ClassroomAPI.Tests", "ClassroomAPI.Tests\ClassroomAPI.Tests.csproj", "{ACEF6F9B-53C1-47B2-95BA-A77A2A24DBE2}"
EndProject
Global
	GlobalSection(SolutionConfigurationPlatforms) = preSolution
		Debug|Any CPU = Debug|Any CPU
		Release|Any CPU = Release|Any CPU
	EndGlobalSection
	GlobalSection(ProjectConfigurationPlatforms) = postSolution
		{320215F4-A131-4E15-9EF9-CCBFA45EC5B0}.Debug|Any CPU.ActiveCfg = Debug|Any CPU
		{320215F4-A131-4E15-9EF9-CCBFA45EC5B0}.Debug|Any CPU.Build.0 = Debug|Any CPU
		{320215F4-A131-4E15-9EF9-CCBFA45EC5B0}.Release|Any CPU.ActiveCfg = Release|Any CPU
		{320215F4-A131-4E15-9EF9-CCBFA45EC5B0}.Release|Any CPU.Build.0 = Release|Any CPU
		{ACEF6F9B-53C1-47B2-95BA-A77A2A24DBE2}.Debug|Any CPU.ActiveCfg = Debug|Any CPU
		{ACEF6F9B-53C1-47B2-95BA-A77A2A24DBE2}.Debug|Any CPU.Build.0 = Debug|Any CPU
		{ACEF6F9B-53C1-47B2-95BA-A77A2A24DBE2}.Release|Any CPU.ActiveCfg = Release|Any CPU
		{ACEF6F9B-53C1-47B2-95BA-A77A2A24DBE2}.Release|Any CPU.Build.0 = Release|Any CPU
	EndGlobalSection
	GlobalSection(SolutionProperties) = preSolution
		HideSolutionNode = FALSE
	EndGlobalSection
EndGlobal
